
Microsoft Visual Studio Solution File, Format Version 12.00
# Visual Studio Version 17
VisualStudioVersion = 17.5.2.0
MinimumVisualStudioVersion = 10.0.40219.1
Project("{FAE04EC0-301F-11D3-BF4B-00C04F79EFBC}") = "GDVM.Tests", "GDVM.Tests\GDVM.Tests.csproj", "{5818770D-42DB-4C0A-9356-F2B8E827B784}"
EndProject
Project("{FAE04EC0-301F-11D3-BF4B-00C04F79EFBC}") = "GDVM.CLI", "GDVM.CLI\GDVM.CLI.csproj", "{9E908AAA-4646-4A14-8566-05B2A0565475}"
EndProject
Project("{FAE04EC0-301F-11D3-BF4B-00C04F79EFBC}") = "GDVM", "GDVM\GDVM.csproj", "{B11CA5C8-30BD-4D9B-9B60-0F6ABC6A27CE}"
EndProject
Project("{FAE04EC0-301F-11D3-BF4B-00C04F79EFBC}") = "GDVM.Tests.EndToEnd", "GDVM.Tests.EndToEnd\GDVM.Tests.EndToEnd.csproj", "{6C55D8CA-78E3-4592-973D-39CDF7D3163A}"
EndProject
Global
	GlobalSection(SolutionConfigurationPlatforms) = preSolution
		Debug|Any CPU = Debug|Any CPU
		Debug|x64 = Debug|x64
		Debug|x86 = Debug|x86
		Release|Any CPU = Release|Any CPU
		Release|x64 = Release|x64
		Release|x86 = Release|x86
	EndGlobalSection
	GlobalSection(ProjectConfigurationPlatforms) = postSolution
		{5818770D-42DB-4C0A-9356-F2B8E827B784}.Debug|Any CPU.ActiveCfg = Debug|Any CPU
		{5818770D-42DB-4C0A-9356-F2B8E827B784}.Debug|Any CPU.Build.0 = Debug|Any CPU
		{5818770D-42DB-4C0A-9356-F2B8E827B784}.Debug|x64.ActiveCfg = Debug|Any CPU
		{5818770D-42DB-4C0A-9356-F2B8E827B784}.Debug|x64.Build.0 = Debug|Any CPU
		{5818770D-42DB-4C0A-9356-F2B8E827B784}.Debug|x86.ActiveCfg = Debug|Any CPU
		{5818770D-42DB-4C0A-9356-F2B8E827B784}.Debug|x86.Build.0 = Debug|Any CPU
		{5818770D-42DB-4C0A-9356-F2B8E827B784}.Release|Any CPU.ActiveCfg = Release|Any CPU
		{5818770D-42DB-4C0A-9356-F2B8E827B784}.Release|Any CPU.Build.0 = Release|Any CPU
		{5818770D-42DB-4C0A-9356-F2B8E827B784}.Release|x64.ActiveCfg = Release|Any CPU
		{5818770D-42DB-4C0A-9356-F2B8E827B784}.Release|x64.Build.0 = Release|Any CPU
		{5818770D-42DB-4C0A-9356-F2B8E827B784}.Release|x86.ActiveCfg = Release|Any CPU
		{5818770D-42DB-4C0A-9356-F2B8E827B784}.Release|x86.Build.0 = Release|Any CPU
		{9E908AAA-4646-4A14-8566-05B2A0565475}.Debug|Any CPU.ActiveCfg = Debug|Any CPU
		{9E908AAA-4646-4A14-8566-05B2A0565475}.Debug|Any CPU.Build.0 = Debug|Any CPU
		{9E908AAA-4646-4A14-8566-05B2A0565475}.Debug|x64.ActiveCfg = Debug|Any CPU
		{9E908AAA-4646-4A14-8566-05B2A0565475}.Debug|x64.Build.0 = Debug|Any CPU
		{9E908AAA-4646-4A14-8566-05B2A0565475}.Debug|x86.ActiveCfg = Debug|Any CPU
		{9E908AAA-4646-4A14-8566-05B2A0565475}.Debug|x86.Build.0 = Debug|Any CPU
		{9E908AAA-4646-4A14-8566-05B2A0565475}.Release|Any CPU.ActiveCfg = Release|Any CPU
		{9E908AAA-4646-4A14-8566-05B2A0565475}.Release|Any CPU.Build.0 = Release|Any CPU
		{9E908AAA-4646-4A14-8566-05B2A0565475}.Release|x64.ActiveCfg = Release|Any CPU
		{9E908AAA-4646-4A14-8566-05B2A0565475}.Release|x64.Build.0 = Release|Any CPU
		{9E908AAA-4646-4A14-8566-05B2A0565475}.Release|x86.ActiveCfg = Release|Any CPU
		{9E908AAA-4646-4A14-8566-05B2A0565475}.Release|x86.Build.0 = Release|Any CPU
		{B11CA5C8-30BD-4D9B-9B60-0F6ABC6A27CE}.Debug|Any CPU.ActiveCfg = Debug|Any CPU
		{B11CA5C8-30BD-4D9B-9B60-0F6ABC6A27CE}.Debug|Any CPU.Build.0 = Debug|Any CPU
		{B11CA5C8-30BD-4D9B-9B60-0F6ABC6A27CE}.Debug|x64.ActiveCfg = Debug|Any CPU
		{B11CA5C8-30BD-4D9B-9B60-0F6ABC6A27CE}.Debug|x64.Build.0 = Debug|Any CPU
		{B11CA5C8-30BD-4D9B-9B60-0F6ABC6A27CE}.Debug|x86.ActiveCfg = Debug|Any CPU
		{B11CA5C8-30BD-4D9B-9B60-0F6ABC6A27CE}.Debug|x86.Build.0 = Debug|Any CPU
		{B11CA5C8-30BD-4D9B-9B60-0F6ABC6A27CE}.Release|Any CPU.ActiveCfg = Release|Any CPU
		{B11CA5C8-30BD-4D9B-9B60-0F6ABC6A27CE}.Release|Any CPU.Build.0 = Release|Any CPU
		{B11CA5C8-30BD-4D9B-9B60-0F6ABC6A27CE}.Release|x64.ActiveCfg = Release|Any CPU
		{B11CA5C8-30BD-4D9B-9B60-0F6ABC6A27CE}.Release|x64.Build.0 = Release|Any CPU
		{B11CA5C8-30BD-4D9B-9B60-0F6ABC6A27CE}.Release|x86.ActiveCfg = Release|Any CPU
		{B11CA5C8-30BD-4D9B-9B60-0F6ABC6A27CE}.Release|x86.Build.0 = Release|Any CPU
		{6C55D8CA-78E3-4592-973D-39CDF7D3163A}.Debug|Any CPU.ActiveCfg = Debug|Any CPU
		{6C55D8CA-78E3-4592-973D-39CDF7D3163A}.Debug|Any CPU.Build.0 = Debug|Any CPU
		{6C55D8CA-78E3-4592-973D-39CDF7D3163A}.Debug|x64.ActiveCfg = Debug|Any CPU
		{6C55D8CA-78E3-4592-973D-39CDF7D3163A}.Debug|x64.Build.0 = Debug|Any CPU
		{6C55D8CA-78E3-4592-973D-39CDF7D3163A}.Debug|x86.ActiveCfg = Debug|Any CPU
		{6C55D8CA-78E3-4592-973D-39CDF7D3163A}.Debug|x86.Build.0 = Debug|Any CPU
		{6C55D8CA-78E3-4592-973D-39CDF7D3163A}.Release|Any CPU.ActiveCfg = Release|Any CPU
		{6C55D8CA-78E3-4592-973D-39CDF7D3163A}.Release|Any CPU.Build.0 = Release|Any CPU
		{6C55D8CA-78E3-4592-973D-39CDF7D3163A}.Release|x64.ActiveCfg = Release|Any CPU
		{6C55D8CA-78E3-4592-973D-39CDF7D3163A}.Release|x64.Build.0 = Release|Any CPU
		{6C55D8CA-78E3-4592-973D-39CDF7D3163A}.Release|x86.ActiveCfg = Release|Any CPU
		{6C55D8CA-78E3-4592-973D-39CDF7D3163A}.Release|x86.Build.0 = Release|Any CPU
	EndGlobalSection
	GlobalSection(SolutionProperties) = preSolution
		HideSolutionNode = FALSE
	EndGlobalSection
	GlobalSection(ExtensibilityGlobals) = postSolution
		SolutionGuid = {335FA966-50F7-4488-AE73-987FE420B392}
	EndGlobalSection
	GlobalSection(MonoDevelopProperties) = preSolution
		StartupItem = GDVM.CLI\GDVM.CLI.csproj
	EndGlobalSection
EndGlobal
